{
  "name": "Diplomarbeit",
  "lockfileVersion": 3,
  "requires": true,
  "packages": {
    "": {
      "dependencies": {
        "ngx-chess-board": "^3.0.0"
      }
    },
    "node_modules/ngx-chess-board": {
      "version": "3.0.0",
      "resolved": "https://registry.npmjs.org/ngx-chess-board/-/ngx-chess-board-3.0.0.tgz",
      "integrity": "sha512-TZp9TE6IMVDq4K5v+/9jwZEnnCS46Lcrv1UqpVNqgEQg4EYMk6Lrwqw6aGg7Z1YruSlHylN64RNw6dkI6/2l+A==",
      "license": "MIT",
      "peerDependencies": {
        "@angular/cdk": "^17.0.7",
        "@angular/common": "^17.0.7",
        "@angular/core": "^17.0.7"
      }
    }
  }
}
